// !$*UTF8*$!
{
	archiveVersion = 1;
	classes = {
	};
	objectVersion = 46;
	objects = {

/* Begin PBXBuildFile section */
		9F238DB71C89766D00A78D6C /* AppDelegate.swift in Sources */ = {isa = PBXBuildFile; fileRef = 9F238DB61C89766D00A78D6C /* AppDelegate.swift */; };
		9F238DB91C89766D00A78D6C /* ViewController.swift in Sources */ = {isa = PBXBuildFile; fileRef = 9F238DB81C89766D00A78D6C /* ViewController.swift */; };
		9F238DBC1C89766D00A78D6C /* Main.storyboard in Resources */ = {isa = PBXBuildFile; fileRef = 9F238DBA1C89766D00A78D6C /* Main.storyboard */; };
		9F238DBF1C89766D00A78D6C /* ProjectGrasshopper.xcdatamodeld in Sources */ = {isa = PBXBuildFile; fileRef = 9F238DBD1C89766D00A78D6C /* ProjectGrasshopper.xcdatamodeld */; };
		9F238DC11C89766D00A78D6C /* Assets.xcassets in Resources */ = {isa = PBXBuildFile; fileRef = 9F238DC01C89766D00A78D6C /* Assets.xcassets */; };
		9F238DC41C89766D00A78D6C /* LaunchScreen.storyboard in Resources */ = {isa = PBXBuildFile; fileRef = 9F238DC21C89766D00A78D6C /* LaunchScreen.storyboard */; };
		9F238DD11C8C135A00A78D6C /* Recipe.swift in Sources */ = {isa = PBXBuildFile; fileRef = 9F238DCF1C8C135A00A78D6C /* Recipe.swift */; };
		9F238DD51C8C190D00A78D6C /* Recipe+CoreDataProperties.swift in Sources */ = {isa = PBXBuildFile; fileRef = 9F238DD41C8C190D00A78D6C /* Recipe+CoreDataProperties.swift */; };
		9F238DD71C8C1FC100A78D6C /* RecipeCell.swift in Sources */ = {isa = PBXBuildFile; fileRef = 9F238DD61C8C1FC100A78D6C /* RecipeCell.swift */; };
		9F238DD91C9120AD00A78D6C /* CreateRecipeVC.swift in Sources */ = {isa = PBXBuildFile; fileRef = 9F238DD81C9120AD00A78D6C /* CreateRecipeVC.swift */; };
/* End PBXBuildFile section */

/* Begin PBXFileReference section */
		9F238DB31C89766C00A78D6C /* ProjectGrasshopper.app */ = {isa = PBXFileReference; explicitFileType = wrapper.application; includeInIndex = 0; path = ProjectGrasshopper.app; sourceTree = BUILT_PRODUCTS_DIR; };
		9F238DB61C89766D00A78D6C /* AppDelegate.swift */ = {isa = PBXFileReference; lastKnownFileType = sourcecode.swift; path = AppDelegate.swift; sourceTree = "<group>"; };
		9F238DB81C89766D00A78D6C /* ViewController.swift */ = {isa = PBXFileReference; lastKnownFileType = sourcecode.swift; path = ViewController.swift; sourceTree = "<group>"; };
		9F238DBB1C89766D00A78D6C /* Base */ = {isa = PBXFileReference; lastKnownFileType = file.storyboard; name = Base; path = Base.lproj/Main.storyboard; sourceTree = "<group>"; };
		9F238DBE1C89766D00A78D6C /* ProjectGrasshopper.xcdatamodel */ = {isa = PBXFileReference; lastKnownFileType = wrapper.xcdatamodel; path = ProjectGrasshopper.xcdatamodel; sourceTree = "<group>"; };
		9F238DC01C89766D00A78D6C /* Assets.xcassets */ = {isa = PBXFileReference; lastKnownFileType = folder.assetcatalog; path = Assets.xcassets; sourceTree = "<group>"; };
		9F238DC31C89766D00A78D6C /* Base */ = {isa = PBXFileReference; lastKnownFileType = file.storyboard; name = Base; path = Base.lproj/LaunchScreen.storyboard; sourceTree = "<group>"; };
		9F238DC51C89766D00A78D6C /* Info.plist */ = {isa = PBXFileReference; lastKnownFileType = text.plist.xml; path = Info.plist; sourceTree = "<group>"; };
		9F238DCF1C8C135A00A78D6C /* Recipe.swift */ = {isa = PBXFileReference; fileEncoding = 4; lastKnownFileType = sourcecode.swift; name = Recipe.swift; path = ../Recipe.swift; sourceTree = "<group>"; };
		9F238DD41C8C190D00A78D6C /* Recipe+CoreDataProperties.swift */ = {isa = PBXFileReference; fileEncoding = 4; lastKnownFileType = sourcecode.swift; name = "Recipe+CoreDataProperties.swift"; path = "../Recipe+CoreDataProperties.swift"; sourceTree = "<group>"; };
		9F238DD61C8C1FC100A78D6C /* RecipeCell.swift */ = {isa = PBXFileReference; fileEncoding = 4; lastKnownFileType = sourcecode.swift; path = RecipeCell.swift; sourceTree = "<group>"; };
		9F238DD81C9120AD00A78D6C /* CreateRecipeVC.swift */ = {isa = PBXFileReference; fileEncoding = 4; lastKnownFileType = sourcecode.swift; path = CreateRecipeVC.swift; sourceTree = "<group>"; };
/* End PBXFileReference section */

/* Begin PBXFrameworksBuildPhase section */
		9F238DB01C89766C00A78D6C /* Frameworks */ = {
			isa = PBXFrameworksBuildPhase;
			buildActionMask = 2147483647;
			files = (
			);
			runOnlyForDeploymentPostprocessing = 0;
		};
/* End PBXFrameworksBuildPhase section */

/* Begin PBXGroup section */
		9F238DAA1C89766C00A78D6C = {
			isa = PBXGroup;
			children = (
				9F238DB51C89766D00A78D6C /* ProjectGrasshopper */,
				9F238DB41C89766C00A78D6C /* Products */,
			);
			sourceTree = "<group>";
		};
		9F238DB41C89766C00A78D6C /* Products */ = {
			isa = PBXGroup;
			children = (
				9F238DB31C89766C00A78D6C /* ProjectGrasshopper.app */,
			);
			name = Products;
			sourceTree = "<group>";
		};
		9F238DB51C89766D00A78D6C /* ProjectGrasshopper */ = {
			isa = PBXGroup;
			children = (
				9F238DCD1C8AA7C600A78D6C /* Controller */,
				9F238DCC1C8AA7BF00A78D6C /* View */,
				9F238DCB1C8AA7AA00A78D6C /* Model */,
				9F238DB61C89766D00A78D6C /* AppDelegate.swift */,
				9F238DBA1C89766D00A78D6C /* Main.storyboard */,
				9F238DC01C89766D00A78D6C /* Assets.xcassets */,
				9F238DC21C89766D00A78D6C /* LaunchScreen.storyboard */,
				9F238DC51C89766D00A78D6C /* Info.plist */,
				9F238DBD1C89766D00A78D6C /* ProjectGrasshopper.xcdatamodeld */,
			);
			path = ProjectGrasshopper;
			sourceTree = "<group>";
		};
		9F238DCB1C8AA7AA00A78D6C /* Model */ = {
			isa = PBXGroup;
			children = (
				9F238DCF1C8C135A00A78D6C /* Recipe.swift */,
				9F238DD41C8C190D00A78D6C /* Recipe+CoreDataProperties.swift */,
			);
			name = Model;
			sourceTree = "<group>";
		};
		9F238DCC1C8AA7BF00A78D6C /* View */ = {
			isa = PBXGroup;
			children = (
				9F238DD61C8C1FC100A78D6C /* RecipeCell.swift */,
			);
			name = View;
			sourceTree = "<group>";
		};
		9F238DCD1C8AA7C600A78D6C /* Controller */ = {
			isa = PBXGroup;
			children = (
				9F238DB81C89766D00A78D6C /* ViewController.swift */,
				9F238DD81C9120AD00A78D6C /* CreateRecipeVC.swift */,
			);
			name = Controller;
			sourceTree = "<group>";
		};
/* End PBXGroup section */

/* Begin PBXNativeTarget section */
		9F238DB21C89766C00A78D6C /* ProjectGrasshopper */ = {
			isa = PBXNativeTarget;
			buildConfigurationList = 9F238DC81C89766D00A78D6C /* Build configuration list for PBXNativeTarget "ProjectGrasshopper" */;
			buildPhases = (
				9F238DAF1C89766C00A78D6C /* Sources */,
				9F238DB01C89766C00A78D6C /* Frameworks */,
				9F238DB11C89766C00A78D6C /* Resources */,
			);
			buildRules = (
			);
			dependencies = (
			);
			name = ProjectGrasshopper;
			productName = ProjectGrasshopper;
			productReference = 9F238DB31C89766C00A78D6C /* ProjectGrasshopper.app */;
			productType = "com.apple.product-type.application";
		};
/* End PBXNativeTarget section */

/* Begin PBXProject section */
		9F238DAB1C89766C00A78D6C /* Project object */ = {
			isa = PBXProject;
			attributes = {
				LastSwiftUpdateCheck = 0720;
				LastUpgradeCheck = 0720;
				ORGANIZATIONNAME = "Javid Poornasir";
				TargetAttributes = {
					9F238DB21C89766C00A78D6C = {
						CreatedOnToolsVersion = 7.2;
					};
				};
			};
			buildConfigurationList = 9F238DAE1C89766C00A78D6C /* Build configuration list for PBXProject "ProjectGrasshopper" */;
			compatibilityVersion = "Xcode 3.2";
			developmentRegion = English;
			hasScannedForEncodings = 0;
			knownRegions = (
				en,
				Base,
			);
			mainGroup = 9F238DAA1C89766C00A78D6C;
			productRefGroup = 9F238DB41C89766C00A78D6C /* Products */;
			projectDirPath = "";
			projectRoot = "";
			targets = (
				9F238DB21C89766C00A78D6C /* ProjectGrasshopper */,
			);
		};
/* End PBXProject section */

/* Begin PBXResourcesBuildPhase section */
		9F238DB11C89766C00A78D6C /* Resources */ = {
			isa = PBXResourcesBuildPhase;
			buildActionMask = 2147483647;
			files = (
				9F238DC41C89766D00A78D6C /* LaunchScreen.storyboard in Resources */,
				9F238DC11C89766D00A78D6C /* Assets.xcassets in Resources */,
				9F238DBC1C89766D00A78D6C /* Main.storyboard in Resources */,
			);
			runOnlyForDeploymentPostprocessing = 0;
		};
/* End PBXResourcesBuildPhase section */

/* Begin PBXSourcesBuildPhase section */
		9F238DAF1C89766C00A78D6C /* Sources */ = {
			isa = PBXSourcesBuildPhase;
			buildActionMask = 2147483647;
			files = (
				9F238DB91C89766D00A78D6C /* ViewController.swift in Sources */,
				9F238DBF1C89766D00A78D6C /* ProjectGrasshopper.xcdatamodeld in Sources */,
				9F238DD51C8C190D00A78D6C /* Recipe+CoreDataProperties.swift in Sources */,
				9F238DD71C8C1FC100A78D6C /* RecipeCell.swift in Sources */,
				9F238DD91C9120AD00A78D6C /* CreateRecipeVC.swift in Sources */,
				9F238DB71C89766D00A78D6C /* AppDelegate.swift in Sources */,
				9F238DD11C8C135A00A78D6C /* Recipe.swift in Sources */,
			);
			runOnlyForDeploymentPostprocessing = 0;
		};
/* End PBXSourcesBuildPhase section */

/* Begin PBXVariantGroup section */
		9F238DBA1C89766D00A78D6C /* Main.storyboard */ = {
			isa = PBXVariantGroup;
			children = (
				9F238DBB1C89766D00A78D6C /* Base */,
			);
			name = Main.storyboard;
			sourceTree = "<group>";
		};
		9F238DC21C89766D00A78D6C /* LaunchScreen.storyboard */ = {
			isa = PBXVariantGroup;
			children = (
				9F238DC31C89766D00A78D6C /* Base */,
			);
			name = LaunchScreen.storyboard;
			sourceTree = "<group>";
		};
/* End PBXVariantGroup section */

/* Begin XCBuildConfiguration section */
		9F238DC61C89766D00A78D6C /* Debug */ = {
			isa = XCBuildConfiguration;
			buildSettings = {
				ALWAYS_SEARCH_USER_PATHS = NO;
				CLANG_CXX_LANGUAGE_STANDARD = "gnu++0x";
				CLANG_CXX_LIBRARY = "libc++";
				CLANG_ENABLE_MODULES = YES;
				CLANG_ENABLE_OBJC_ARC = YES;
				CLANG_WARN_BOOL_CONVERSION = YES;
				CLANG_WARN_CONSTANT_CONVERSION = YES;
				CLANG_WARN_DIRECT_OBJC_ISA_USAGE = YES_ERROR;
				CLANG_WARN_EMPTY_BODY = YES;
				CLANG_WARN_ENUM_CONVERSION = YES;
				CLANG_WARN_INT_CONVERSION = YES;
				CLANG_WARN_OBJC_ROOT_CLASS = YES_ERROR;
				CLANG_WARN_UNREACHABLE_CODE = YES;
				CLANG_WARN__DUPLICATE_METHOD_MATCH = YES;
				"CODE_SIGN_IDENTITY[sdk=iphoneos*]" = "iPhone Developer";
				COPY_PHASE_STRIP = NO;
				DEBUG_INFORMATION_FORMAT = dwarf;
				ENABLE_STRICT_OBJC_MSGSEND = YES;
				ENABLE_TESTABILITY = YES;
				GCC_C_LANGUAGE_STANDARD = gnu99;
				GCC_DYNAMIC_NO_PIC = NO;
				GCC_NO_COMMON_BLOCKS = YES;
				GCC_OPTIMIZATION_LEVEL = 0;
				GCC_PREPROCESSOR_DEFINITIONS = (
					"DEBUG=1",
					"$(inherited)",
				);
				GCC_WARN_64_TO_32_BIT_CONVERSION = YES;
				GCC_WARN_ABOUT_RETURN_TYPE = YES_ERROR;
				GCC_WARN_UNDECLARED_SELECTOR = YES;
				GCC_WARN_UNINITIALIZED_AUTOS = YES_AGGRESSIVE;
				GCC_WARN_UNUSED_FUNCTION = YES;
				GCC_WARN_UNUSED_VARIABLE = YES;
				IPHONEOS_DEPLOYMENT_TARGET = 9.2;
				MTL_ENABLE_DEBUG_INFO = YES;
				ONLY_ACTIVE_ARCH = YES;
				SDKROOT = iphoneos;
				SWIFT_OPTIMIZATION_LEVEL = "-Onone";
			};
			name = Debug;
		};
		9F238DC71C89766D00A78D6C /* Release */ = {
			isa = XCBuildConfiguration;
			buildSettings = {
				ALWAYS_SEARCH_USER_PATHS = NO;
				CLANG_CXX_LANGUAGE_STANDARD = "gnu++0x";
				CLANG_CXX_LIBRARY = "libc++";
				CLANG_ENABLE_MODULES = YES;
				CLANG_ENABLE_OBJC_ARC = YES;
				CLANG_WARN_BOOL_CONVERSION = YES;
				CLANG_WARN_CONSTANT_CONVERSION = YES;
				CLANG_WARN_DIRECT_OBJC_ISA_USAGE = YES_ERROR;
				CLANG_WARN_EMPTY_BODY = YES;
				CLANG_WARN_ENUM_CONVERSION = YES;
				CLANG_WARN_INT_CONVERSION = YES;
				CLANG_WARN_OBJC_ROOT_CLASS = YES_ERROR;
				CLANG_WARN_UNREACHABLE_CODE = YES;
				CLANG_WARN__DUPLICATE_METHOD_MATCH = YES;
				"CODE_SIGN_IDENTITY[sdk=iphoneos*]" = "iPhone Developer";
				COPY_PHASE_STRIP = NO;
				DEBUG_INFORMATION_FORMAT = "dwarf-with-dsym";
				ENABLE_NS_ASSERTIONS = NO;
				ENABLE_STRICT_OBJC_MSGSEND = YES;
				GCC_C_LANGUAGE_STANDARD = gnu99;
				GCC_NO_COMMON_BLOCKS = YES;
				GCC_WARN_64_TO_32_BIT_CONVERSION = YES;
				GCC_WARN_ABOUT_RETURN_TYPE = YES_ERROR;
				GCC_WARN_UNDECLARED_SELECTOR = YES;
				GCC_WARN_UNINITIALIZED_AUTOS = YES_AGGRESSIVE;
				GCC_WARN_UNUSED_FUNCTION = YES;
				GCC_WARN_UNUSED_VARIABLE = YES;
				IPHONEOS_DEPLOYMENT_TARGET = 9.2;
				MTL_ENABLE_DEBUG_INFO = NO;
				SDKROOT = iphoneos;
				VALIDATE_PRODUCT = YES;
			};
			name = Release;
		};
		9F238DC91C89766D00A78D6C /* Debug */ = {
			isa = XCBuildConfiguration;
			buildSettings = {
				ASSETCATALOG_COMPILER_APPICON_NAME = AppIcon;
				INFOPLIST_FILE = ProjectGrasshopper/Info.plist;
				LD_RUNPATH_SEARCH_PATHS = "$(inherited) @executable_path/Frameworks";
				PRODUCT_BUNDLE_IDENTIFIER = com.appcoda.ProjectGrasshopper;
				PRODUCT_NAME = "$(TARGET_NAME)";
			};
			name = Debug;
		};
		9F238DCA1C89766D00A78D6C /* Release */ = {
			isa = XCBuildConfiguration;
			buildSettings = {
				ASSETCATALOG_COMPILER_APPICON_NAME = AppIcon;
				INFOPLIST_FILE = ProjectGrasshopper/Info.plist;
				LD_RUNPATH_SEARCH_PATHS = "$(inherited) @executable_path/Frameworks";
				PRODUCT_BUNDLE_IDENTIFIER = com.appcoda.ProjectGrasshopper;
				PRODUCT_NAME = "$(TARGET_NAME)";
			};
			name = Release;
		};
/* End XCBuildConfiguration section */

/* Begin XCConfigurationList section */
		9F238DAE1C89766C00A78D6C /* Build configuration list for PBXProject "ProjectGrasshopper" */ = {
			isa = XCConfigurationList;
			buildConfigurations = (
				9F238DC61C89766D00A78D6C /* Debug */,
				9F238DC71C89766D00A78D6C /* Release */,
			);
			defaultConfigurationIsVisible = 0;
			defaultConfigurationName = Release;
		};
		9F238DC81C89766D00A78D6C /* Build configuration list for PBXNativeTarget "ProjectGrasshopper" */ = {
			isa = XCConfigurationList;
			buildConfigurations = (
				9F238DC91C89766D00A78D6C /* Debug */,
				9F238DCA1C89766D00A78D6C /* Release */,
			);
			defaultConfigurationIsVisible = 0;
		};
/* End XCConfigurationList section */

/* Begin XCVersionGroup section */
		9F238DBD1C89766D00A78D6C /* ProjectGrasshopper.xcdatamodeld */ = {
			isa = XCVersionGroup;
			children = (
				9F238DBE1C89766D00A78D6C /* ProjectGrasshopper.xcdatamodel */,
			);
			currentVersion = 9F238DBE1C89766D00A78D6C /* ProjectGrasshopper.xcdatamodel */;
			path = ProjectGrasshopper.xcdatamodeld;
			sourceTree = "<group>";
			versionGroupType = wrapper.xcdatamodel;
		};
/* End XCVersionGroup section */
	};
	rootObject = 9F238DAB1C89766C00A78D6C /* Project object */;
}
